
Microsoft Visual Studio Solution File, Format Version 12.00
# Visual Studio 15
VisualStudioVersion = 15.0.26124.0
MinimumVisualStudioVersion = 15.0.26124.0
Project("{FAE04EC0-301F-11D3-BF4B-00C04F79EFBC}") = "ConfigurationBinder", "ConfigurationBinder\ConfigurationBinder.csproj", "{9AF557C1-828E-409C-8DCC-115BBC97C240}"
EndProject
Project("{FAE04EC0-301F-11D3-BF4B-00C04F79EFBC}") = "ConfigurationBinder.Tests", "ConfigurationBinder.Tests\ConfigurationBinder.Tests.csproj", "{D57A6972-80C5-40D9-8673-9614460A35EC}"
EndProject
Global
	GlobalSection(SolutionConfigurationPlatforms) = preSolution
		Debug|Any CPU = Debug|Any CPU
		Debug|x64 = Debug|x64
		Debug|x86 = Debug|x86
		Release|Any CPU = Release|Any CPU
		Release|x64 = Release|x64
		Release|x86 = Release|x86
	EndGlobalSection
	GlobalSection(SolutionProperties) = preSolution
		HideSolutionNode = FALSE
	EndGlobalSection
	GlobalSection(ProjectConfigurationPlatforms) = postSolution
		{9AF557C1-828E-409C-8DCC-115BBC97C240}.Debug|Any CPU.ActiveCfg = Debug|Any CPU
		{9AF557C1-828E-409C-8DCC-115BBC97C240}.Debug|Any CPU.Build.0 = Debug|Any CPU
		{9AF557C1-828E-409C-8DCC-115BBC97C240}.Debug|x64.ActiveCfg = Debug|Any CPU
		{9AF557C1-828E-409C-8DCC-115BBC97C240}.Debug|x64.Build.0 = Debug|Any CPU
		{9AF557C1-828E-409C-8DCC-115BBC97C240}.Debug|x86.ActiveCfg = Debug|Any CPU
		{9AF557C1-828E-409C-8DCC-115BBC97C240}.Debug|x86.Build.0 = Debug|Any CPU
		{9AF557C1-828E-409C-8DCC-115BBC97C240}.Release|Any CPU.ActiveCfg = Release|Any CPU
		{9AF557C1-828E-409C-8DCC-115BBC97C240}.Release|Any CPU.Build.0 = Release|Any CPU
		{9AF557C1-828E-409C-8DCC-115BBC97C240}.Release|x64.ActiveCfg = Release|Any CPU
		{9AF557C1-828E-409C-8DCC-115BBC97C240}.Release|x64.Build.0 = Release|Any CPU
		{9AF557C1-828E-409C-8DCC-115BBC97C240}.Release|x86.ActiveCfg = Release|Any CPU
		{9AF557C1-828E-409C-8DCC-115BBC97C240}.Release|x86.Build.0 = Release|Any CPU
		{D57A6972-80C5-40D9-8673-9614460A35EC}.Debug|Any CPU.ActiveCfg = Debug|Any CPU
		{D57A6972-80C5-40D9-8673-9614460A35EC}.Debug|Any CPU.Build.0 = Debug|Any CPU
		{D57A6972-80C5-40D9-8673-9614460A35EC}.Debug|x64.ActiveCfg = Debug|Any CPU
		{D57A6972-80C5-40D9-8673-9614460A35EC}.Debug|x64.Build.0 = Debug|Any CPU
		{D57A6972-80C5-40D9-8673-9614460A35EC}.Debug|x86.ActiveCfg = Debug|Any CPU
		{D57A6972-80C5-40D9-8673-9614460A35EC}.Debug|x86.Build.0 = Debug|Any CPU
		{D57A6972-80C5-40D9-8673-9614460A35EC}.Release|Any CPU.ActiveCfg = Release|Any CPU
		{D57A6972-80C5-40D9-8673-9614460A35EC}.Release|Any CPU.Build.0 = Release|Any CPU
		{D57A6972-80C5-40D9-8673-9614460A35EC}.Release|x64.ActiveCfg = Release|Any CPU
		{D57A6972-80C5-40D9-8673-9614460A35EC}.Release|x64.Build.0 = Release|Any CPU
		{D57A6972-80C5-40D9-8673-9614460A35EC}.Release|x86.ActiveCfg = Release|Any CPU
		{D57A6972-80C5-40D9-8673-9614460A35EC}.Release|x86.Build.0 = Release|Any CPU
	EndGlobalSection
EndGlobal
